
Microsoft Visual Studio Solution File, Format Version 12.00
# Visual Studio Version 17
VisualStudioVersion = 17.8.34316.72
MinimumVisualStudioVersion = 10.0.40219.1
Project("{FAE04EC0-301F-11D3-BF4B-00C04F79EFBC}") = "BulkyWeb", "BulkyWeb\BulkyWeb.csproj", "{0586D37C-37DC-4432-BE29-3805239F823E}"
EndProject
Project("{FAE04EC0-301F-11D3-BF4B-00C04F79EFBC}") = "Bulky.DataAccess", "Bulky.DataAccess\Bulky.DataAccess.csproj", "{A3923A8E-7E56-471E-A944-A3E7D0B47700}"
EndProject
Project("{FAE04EC0-301F-11D3-BF4B-00C04F79EFBC}") = "Bulky.Models", "Bulky.Models\Bulky.Models.csproj", "{B071BD8A-6BF9-403C-B38B-6E8837481C49}"
EndProject
Project("{FAE04EC0-301F-11D3-BF4B-00C04F79EFBC}") = "Bulky.Utility", "Bulky.Utility\Bulky.Utility.csproj", "{D4B1ABD6-D694-4FC4-BFF8-084EAAF4E256}"
EndProject
Global
	GlobalSection(SolutionConfigurationPlatforms) = preSolution
		Debug|Any CPU = Debug|Any CPU
		Release|Any CPU = Release|Any CPU
	EndGlobalSection
	GlobalSection(ProjectConfigurationPlatforms) = postSolution
		{0586D37C-37DC-4432-BE29-3805239F823E}.Debug|Any CPU.ActiveCfg = Debug|Any CPU
		{0586D37C-37DC-4432-BE29-3805239F823E}.Debug|Any CPU.Build.0 = Debug|Any CPU
		{0586D37C-37DC-4432-BE29-3805239F823E}.Release|Any CPU.ActiveCfg = Release|Any CPU
		{0586D37C-37DC-4432-BE29-3805239F823E}.Release|Any CPU.Build.0 = Release|Any CPU
		{A3923A8E-7E56-471E-A944-A3E7D0B47700}.Debug|Any CPU.ActiveCfg = Debug|Any CPU
		{A3923A8E-7E56-471E-A944-A3E7D0B47700}.Debug|Any CPU.Build.0 = Debug|Any CPU
		{A3923A8E-7E56-471E-A944-A3E7D0B47700}.Release|Any CPU.ActiveCfg = Release|Any CPU
		{A3923A8E-7E56-471E-A944-A3E7D0B47700}.Release|Any CPU.Build.0 = Release|Any CPU
		{B071BD8A-6BF9-403C-B38B-6E8837481C49}.Debug|Any CPU.ActiveCfg = Debug|Any CPU
		{B071BD8A-6BF9-403C-B38B-6E8837481C49}.Debug|Any CPU.Build.0 = Debug|Any CPU
		{B071BD8A-6BF9-403C-B38B-6E8837481C49}.Release|Any CPU.ActiveCfg = Release|Any CPU
		{B071BD8A-6BF9-403C-B38B-6E8837481C49}.Release|Any CPU.Build.0 = Release|Any CPU
		{D4B1ABD6-D694-4FC4-BFF8-084EAAF4E256}.Debug|Any CPU.ActiveCfg = Debug|Any CPU
		{D4B1ABD6-D694-4FC4-BFF8-084EAAF4E256}.Debug|Any CPU.Build.0 = Debug|Any CPU
		{D4B1ABD6-D694-4FC4-BFF8-084EAAF4E256}.Release|Any CPU.ActiveCfg = Release|Any CPU
		{D4B1ABD6-D694-4FC4-BFF8-084EAAF4E256}.Release|Any CPU.Build.0 = Release|Any CPU
	EndGlobalSection
	GlobalSection(SolutionProperties) = preSolution
		HideSolutionNode = FALSE
	EndGlobalSection
	GlobalSection(ExtensibilityGlobals) = postSolution
		SolutionGuid = {5FA16BB1-428F-4C23-9BBC-4E22526ECAFC}
	EndGlobalSection
EndGlobal
